// !$*UTF8*$!
{
	archiveVersion = 1;
	classes = {
	};
	objectVersion = 46;
	objects = {

/* Begin PBXBuildFile section */
		714DE5521C994850004DA887 /* main.m in Sources */ = {isa = PBXBuildFile; fileRef = 714DE5511C994850004DA887 /* main.m */; };
		714DE5551C994850004DA887 /* AppDelegate.m in Sources */ = {isa = PBXBuildFile; fileRef = 714DE5541C994850004DA887 /* AppDelegate.m */; };
		714DE5581C994850004DA887 /* ViewController.mm in Sources */ = {isa = PBXBuildFile; fileRef = 714DE5571C994850004DA887 /* ViewController.mm */; };
		714DE55B1C994851004DA887 /* Main.storyboard in Resources */ = {isa = PBXBuildFile; fileRef = 714DE5591C994851004DA887 /* Main.storyboard */; };
		714DE55D1C994851004DA887 /* Assets.xcassets in Resources */ = {isa = PBXBuildFile; fileRef = 714DE55C1C994851004DA887 /* Assets.xcassets */; };
		714DE5601C994851004DA887 /* LaunchScreen.storyboard in Resources */ = {isa = PBXBuildFile; fileRef = 714DE55E1C994851004DA887 /* LaunchScreen.storyboard */; };
		714DE56B1C994851004DA887 /* testProjectTests.m in Sources */ = {isa = PBXBuildFile; fileRef = 714DE56A1C994851004DA887 /* testProjectTests.m */; };
		714DE5761C994851004DA887 /* testProjectUITests.m in Sources */ = {isa = PBXBuildFile; fileRef = 714DE5751C994851004DA887 /* testProjectUITests.m */; };
		714DE5871C994BF7004DA887 /* test.JPG in Resources */ = {isa = PBXBuildFile; fileRef = 714DE5861C994BF7004DA887 /* test.JPG */; };
		714DE5891C994CFF004DA887 /* AVFoundation.framework in Frameworks */ = {isa = PBXBuildFile; fileRef = 714DE5881C994CFE004DA887 /* AVFoundation.framework */; };
		714DE58B1C994D0A004DA887 /* CoreImage.framework in Frameworks */ = {isa = PBXBuildFile; fileRef = 714DE58A1C994D0A004DA887 /* CoreImage.framework */; };
/* End PBXBuildFile section */

/* Begin PBXContainerItemProxy section */
		714DE5671C994851004DA887 /* PBXContainerItemProxy */ = {
			isa = PBXContainerItemProxy;
			containerPortal = 714DE5451C994850004DA887 /* Project object */;
			proxyType = 1;
			remoteGlobalIDString = 714DE54C1C994850004DA887;
			remoteInfo = testProject;
		};
		714DE5721C994851004DA887 /* PBXContainerItemProxy */ = {
			isa = PBXContainerItemProxy;
			containerPortal = 714DE5451C994850004DA887 /* Project object */;
			proxyType = 1;
			remoteGlobalIDString = 714DE54C1C994850004DA887;
			remoteInfo = testProject;
		};
/* End PBXContainerItemProxy section */

/* Begin PBXFileReference section */
		714DE54D1C994850004DA887 /* testProject.app */ = {isa = PBXFileReference; explicitFileType = wrapper.application; includeInIndex = 0; path = testProject.app; sourceTree = BUILT_PRODUCTS_DIR; };
		714DE5511C994850004DA887 /* main.m */ = {isa = PBXFileReference; lastKnownFileType = sourcecode.c.objc; path = main.m; sourceTree = "<group>"; };
		714DE5531C994850004DA887 /* AppDelegate.h */ = {isa = PBXFileReference; lastKnownFileType = sourcecode.c.h; path = AppDelegate.h; sourceTree = "<group>"; };
		714DE5541C994850004DA887 /* AppDelegate.m */ = {isa = PBXFileReference; lastKnownFileType = sourcecode.c.objc; path = AppDelegate.m; sourceTree = "<group>"; };
		714DE5561C994850004DA887 /* ViewController.h */ = {isa = PBXFileReference; lastKnownFileType = sourcecode.c.h; path = ViewController.h; sourceTree = "<group>"; };
		714DE5571C994850004DA887 /* ViewController.mm */ = {isa = PBXFileReference; lastKnownFileType = sourcecode.cpp.objcpp; path = ViewController.mm; sourceTree = "<group>"; };
		714DE55A1C994851004DA887 /* Base */ = {isa = PBXFileReference; lastKnownFileType = file.storyboard; name = Base; path = Base.lproj/Main.storyboard; sourceTree = "<group>"; };
		714DE55C1C994851004DA887 /* Assets.xcassets */ = {isa = PBXFileReference; lastKnownFileType = folder.assetcatalog; path = Assets.xcassets; sourceTree = "<group>"; };
		714DE55F1C994851004DA887 /* Base */ = {isa = PBXFileReference; lastKnownFileType = file.storyboard; name = Base; path = Base.lproj/LaunchScreen.storyboard; sourceTree = "<group>"; };
		714DE5611C994851004DA887 /* Info.plist */ = {isa = PBXFileReference; lastKnownFileType = text.plist.xml; path = Info.plist; sourceTree = "<group>"; };
		714DE5661C994851004DA887 /* testProjectTests.xctest */ = {isa = PBXFileReference; explicitFileType = wrapper.cfbundle; includeInIndex = 0; path = testProjectTests.xctest; sourceTree = BUILT_PRODUCTS_DIR; };
		714DE56A1C994851004DA887 /* testProjectTests.m */ = {isa = PBXFileReference; lastKnownFileType = sourcecode.c.objc; path = testProjectTests.m; sourceTree = "<group>"; };
		714DE56C1C994851004DA887 /* Info.plist */ = {isa = PBXFileReference; lastKnownFileType = text.plist.xml; path = Info.plist; sourceTree = "<group>"; };
		714DE5711C994851004DA887 /* testProjectUITests.xctest */ = {isa = PBXFileReference; explicitFileType = wrapper.cfbundle; includeInIndex = 0; path = testProjectUITests.xctest; sourceTree = BUILT_PRODUCTS_DIR; };
		714DE5751C994851004DA887 /* testProjectUITests.m */ = {isa = PBXFileReference; lastKnownFileType = sourcecode.c.objc; path = testProjectUITests.m; sourceTree = "<group>"; };
		714DE5771C994851004DA887 /* Info.plist */ = {isa = PBXFileReference; lastKnownFileType = text.plist.xml; path = Info.plist; sourceTree = "<group>"; };
		714DE5861C994BF7004DA887 /* test.JPG */ = {isa = PBXFileReference; lastKnownFileType = image.jpeg; path = test.JPG; sourceTree = "<group>"; };
		714DE5881C994CFE004DA887 /* AVFoundation.framework */ = {isa = PBXFileReference; lastKnownFileType = wrapper.framework; name = AVFoundation.framework; path = System/Library/Frameworks/AVFoundation.framework; sourceTree = SDKROOT; };
		714DE58A1C994D0A004DA887 /* CoreImage.framework */ = {isa = PBXFileReference; lastKnownFileType = wrapper.framework; name = CoreImage.framework; path = System/Library/Frameworks/CoreImage.framework; sourceTree = SDKROOT; };
/* End PBXFileReference section */

/* Begin PBXFrameworksBuildPhase section */
		714DE54A1C994850004DA887 /* Frameworks */ = {
			isa = PBXFrameworksBuildPhase;
			buildActionMask = 2147483647;
			files = (
				714DE58B1C994D0A004DA887 /* CoreImage.framework in Frameworks */,
				714DE5891C994CFF004DA887 /* AVFoundation.framework in Frameworks */,
			);
			runOnlyForDeploymentPostprocessing = 0;
		};
		714DE5631C994851004DA887 /* Frameworks */ = {
			isa = PBXFrameworksBuildPhase;
			buildActionMask = 2147483647;
			files = (
			);
			runOnlyForDeploymentPostprocessing = 0;
		};
		714DE56E1C994851004DA887 /* Frameworks */ = {
			isa = PBXFrameworksBuildPhase;
			buildActionMask = 2147483647;
			files = (
			);
			runOnlyForDeploymentPostprocessing = 0;
		};
/* End PBXFrameworksBuildPhase section */

/* Begin PBXGroup section */
		714DE5441C994850004DA887 = {
			isa = PBXGroup;
			children = (
				714DE54F1C994850004DA887 /* testProject */,
				714DE5691C994851004DA887 /* testProjectTests */,
				714DE5741C994851004DA887 /* testProjectUITests */,
				714DE54E1C994850004DA887 /* Products */,
			);
			sourceTree = "<group>";
		};
		714DE54E1C994850004DA887 /* Products */ = {
			isa = PBXGroup;
			children = (
				714DE54D1C994850004DA887 /* testProject.app */,
				714DE5661C994851004DA887 /* testProjectTests.xctest */,
				714DE5711C994851004DA887 /* testProjectUITests.xctest */,
			);
			name = Products;
			sourceTree = "<group>";
		};
		714DE54F1C994850004DA887 /* testProject */ = {
			isa = PBXGroup;
			children = (
				714DE58A1C994D0A004DA887 /* CoreImage.framework */,
				714DE5881C994CFE004DA887 /* AVFoundation.framework */,
				714DE5851C994BDD004DA887 /* debug */,
				714DE5531C994850004DA887 /* AppDelegate.h */,
				714DE5541C994850004DA887 /* AppDelegate.m */,
				714DE5561C994850004DA887 /* ViewController.h */,
				714DE5571C994850004DA887 /* ViewController.mm */,
				714DE5591C994851004DA887 /* Main.storyboard */,
				714DE55C1C994851004DA887 /* Assets.xcassets */,
				714DE55E1C994851004DA887 /* LaunchScreen.storyboard */,
				714DE5611C994851004DA887 /* Info.plist */,
				714DE5501C994850004DA887 /* Supporting Files */,
			);
			path = testProject;
			sourceTree = "<group>";
		};
		714DE5501C994850004DA887 /* Supporting Files */ = {
			isa = PBXGroup;
			children = (
				714DE5511C994850004DA887 /* main.m */,
			);
			name = "Supporting Files";
			sourceTree = "<group>";
		};
		714DE5691C994851004DA887 /* testProjectTests */ = {
			isa = PBXGroup;
			children = (
				714DE56A1C994851004DA887 /* testProjectTests.m */,
				714DE56C1C994851004DA887 /* Info.plist */,
			);
			path = testProjectTests;
			sourceTree = "<group>";
		};
		714DE5741C994851004DA887 /* testProjectUITests */ = {
			isa = PBXGroup;
			children = (
				714DE5751C994851004DA887 /* testProjectUITests.m */,
				714DE5771C994851004DA887 /* Info.plist */,
			);
			path = testProjectUITests;
			sourceTree = "<group>";
		};
		714DE5851C994BDD004DA887 /* debug */ = {
			isa = PBXGroup;
			children = (
				714DE5861C994BF7004DA887 /* test.JPG */,
			);
			name = debug;
			sourceTree = "<group>";
		};
/* End PBXGroup section */

/* Begin PBXNativeTarget section */
		714DE54C1C994850004DA887 /* testProject */ = {
			isa = PBXNativeTarget;
			buildConfigurationList = 714DE57A1C994851004DA887 /* Build configuration list for PBXNativeTarget "testProject" */;
			buildPhases = (
				714DE5491C994850004DA887 /* Sources */,
				714DE54A1C994850004DA887 /* Frameworks */,
				714DE54B1C994850004DA887 /* Resources */,
			);
			buildRules = (
			);
			dependencies = (
			);
			name = testProject;
			productName = testProject;
			productReference = 714DE54D1C994850004DA887 /* testProject.app */;
			productType = "com.apple.product-type.application";
		};
		714DE5651C994851004DA887 /* testProjectTests */ = {
			isa = PBXNativeTarget;
			buildConfigurationList = 714DE57D1C994851004DA887 /* Build configuration list for PBXNativeTarget "testProjectTests" */;
			buildPhases = (
				714DE5621C994851004DA887 /* Sources */,
				714DE5631C994851004DA887 /* Frameworks */,
				714DE5641C994851004DA887 /* Resources */,
			);
			buildRules = (
			);
			dependencies = (
				714DE5681C994851004DA887 /* PBXTargetDependency */,
			);
			name = testProjectTests;
			productName = testProjectTests;
			productReference = 714DE5661C994851004DA887 /* testProjectTests.xctest */;
			productType = "com.apple.product-type.bundle.unit-test";
		};
		714DE5701C994851004DA887 /* testProjectUITests */ = {
			isa = PBXNativeTarget;
			buildConfigurationList = 714DE5801C994851004DA887 /* Build configuration list for PBXNativeTarget "testProjectUITests" */;
			buildPhases = (
				714DE56D1C994851004DA887 /* Sources */,
				714DE56E1C994851004DA887 /* Frameworks */,
				714DE56F1C994851004DA887 /* Resources */,
			);
			buildRules = (
			);
			dependencies = (
				714DE5731C994851004DA887 /* PBXTargetDependency */,
			);
			name = testProjectUITests;
			productName = testProjectUITests;
			productReference = 714DE5711C994851004DA887 /* testProjectUITests.xctest */;
			productType = "com.apple.product-type.bundle.ui-testing";
		};
/* End PBXNativeTarget section */

/* Begin PBXProject section */
		714DE5451C994850004DA887 /* Project object */ = {
			isa = PBXProject;
			attributes = {
				LastUpgradeCheck = 0720;
				ORGANIZATIONNAME = XtremeApp;
				TargetAttributes = {
					714DE54C1C994850004DA887 = {
						CreatedOnToolsVersion = 7.2.1;
					};
					714DE5651C994851004DA887 = {
						CreatedOnToolsVersion = 7.2.1;
						TestTargetID = 714DE54C1C994850004DA887;
					};
					714DE5701C994851004DA887 = {
						CreatedOnToolsVersion = 7.2.1;
						TestTargetID = 714DE54C1C994850004DA887;
					};
				};
			};
			buildConfigurationList = 714DE5481C994850004DA887 /* Build configuration list for PBXProject "testProject" */;
			compatibilityVersion = "Xcode 3.2";
			developmentRegion = English;
			hasScannedForEncodings = 0;
			knownRegions = (
				en,
				Base,
			);
			mainGroup = 714DE5441C994850004DA887;
			productRefGroup = 714DE54E1C994850004DA887 /* Products */;
			projectDirPath = "";
			projectRoot = "";
			targets = (
				714DE54C1C994850004DA887 /* testProject */,
				714DE5651C994851004DA887 /* testProjectTests */,
				714DE5701C994851004DA887 /* testProjectUITests */,
			);
		};
/* End PBXProject section */

/* Begin PBXResourcesBuildPhase section */
		714DE54B1C994850004DA887 /* Resources */ = {
			isa = PBXResourcesBuildPhase;
			buildActionMask = 2147483647;
			files = (
				714DE5601C994851004DA887 /* LaunchScreen.storyboard in Resources */,
				714DE55D1C994851004DA887 /* Assets.xcassets in Resources */,
				714DE55B1C994851004DA887 /* Main.storyboard in Resources */,
				714DE5871C994BF7004DA887 /* test.JPG in Resources */,
			);
			runOnlyForDeploymentPostprocessing = 0;
		};
		714DE5641C994851004DA887 /* Resources */ = {
			isa = PBXResourcesBuildPhase;
			buildActionMask = 2147483647;
			files = (
			);
			runOnlyForDeploymentPostprocessing = 0;
		};
		714DE56F1C994851004DA887 /* Resources */ = {
			isa = PBXResourcesBuildPhase;
			buildActionMask = 2147483647;
			files = (
			);
			runOnlyForDeploymentPostprocessing = 0;
		};
/* End PBXResourcesBuildPhase section */

/* Begin PBXSourcesBuildPhase section */
		714DE5491C994850004DA887 /* Sources */ = {
			isa = PBXSourcesBuildPhase;
			buildActionMask = 2147483647;
			files = (
				714DE5581C994850004DA887 /* ViewController.mm in Sources */,
				714DE5551C994850004DA887 /* AppDelegate.m in Sources */,
				714DE5521C994850004DA887 /* main.m in Sources */,
			);
			runOnlyForDeploymentPostprocessing = 0;
		};
		714DE5621C994851004DA887 /* Sources */ = {
			isa = PBXSourcesBuildPhase;
			buildActionMask = 2147483647;
			files = (
				714DE56B1C994851004DA887 /* testProjectTests.m in Sources */,
			);
			runOnlyForDeploymentPostprocessing = 0;
		};
		714DE56D1C994851004DA887 /* Sources */ = {
			isa = PBXSourcesBuildPhase;
			buildActionMask = 2147483647;
			files = (
				714DE5761C994851004DA887 /* testProjectUITests.m in Sources */,
			);
			runOnlyForDeploymentPostprocessing = 0;
		};
/* End PBXSourcesBuildPhase section */

/* Begin PBXTargetDependency section */
		714DE5681C994851004DA887 /* PBXTargetDependency */ = {
			isa = PBXTargetDependency;
			target = 714DE54C1C994850004DA887 /* testProject */;
			targetProxy = 714DE5671C994851004DA887 /* PBXContainerItemProxy */;
		};
		714DE5731C994851004DA887 /* PBXTargetDependency */ = {
			isa = PBXTargetDependency;
			target = 714DE54C1C994850004DA887 /* testProject */;
			targetProxy = 714DE5721C994851004DA887 /* PBXContainerItemProxy */;
		};
/* End PBXTargetDependency section */

/* Begin PBXVariantGroup section */
		714DE5591C994851004DA887 /* Main.storyboard */ = {
			isa = PBXVariantGroup;
			children = (
				714DE55A1C994851004DA887 /* Base */,
			);
			name = Main.storyboard;
			sourceTree = "<group>";
		};
		714DE55E1C994851004DA887 /* LaunchScreen.storyboard */ = {
			isa = PBXVariantGroup;
			children = (
				714DE55F1C994851004DA887 /* Base */,
			);
			name = LaunchScreen.storyboard;
			sourceTree = "<group>";
		};
/* End PBXVariantGroup section */

/* Begin XCBuildConfiguration section */
		714DE5781C994851004DA887 /* Debug */ = {
			isa = XCBuildConfiguration;
			buildSettings = {
				ALWAYS_SEARCH_USER_PATHS = NO;
				CLANG_CXX_LANGUAGE_STANDARD = "gnu++0x";
				CLANG_CXX_LIBRARY = "libc++";
				CLANG_ENABLE_MODULES = YES;
				CLANG_ENABLE_OBJC_ARC = YES;
				CLANG_WARN_BOOL_CONVERSION = YES;
				CLANG_WARN_CONSTANT_CONVERSION = YES;
				CLANG_WARN_DIRECT_OBJC_ISA_USAGE = YES_ERROR;
				CLANG_WARN_EMPTY_BODY = YES;
				CLANG_WARN_ENUM_CONVERSION = YES;
				CLANG_WARN_INT_CONVERSION = YES;
				CLANG_WARN_OBJC_ROOT_CLASS = YES_ERROR;
				CLANG_WARN_UNREACHABLE_CODE = YES;
				CLANG_WARN__DUPLICATE_METHOD_MATCH = YES;
				"CODE_SIGN_IDENTITY[sdk=iphoneos*]" = "iPhone Developer";
				COPY_PHASE_STRIP = NO;
				DEBUG_INFORMATION_FORMAT = dwarf;
				ENABLE_STRICT_OBJC_MSGSEND = YES;
				ENABLE_TESTABILITY = YES;
				GCC_C_LANGUAGE_STANDARD = gnu99;
				GCC_DYNAMIC_NO_PIC = NO;
				GCC_NO_COMMON_BLOCKS = YES;
				GCC_OPTIMIZATION_LEVEL = 0;
				GCC_PREPROCESSOR_DEFINITIONS = (
					"DEBUG=1",
					"$(inherited)",
				);
				GCC_WARN_64_TO_32_BIT_CONVERSION = YES;
				GCC_WARN_ABOUT_RETURN_TYPE = YES_ERROR;
				GCC_WARN_UNDECLARED_SELECTOR = YES;
				GCC_WARN_UNINITIALIZED_AUTOS = YES_AGGRESSIVE;
				GCC_WARN_UNUSED_FUNCTION = YES;
				GCC_WARN_UNUSED_VARIABLE = YES;
				IPHONEOS_DEPLOYMENT_TARGET = 9.2;
				MTL_ENABLE_DEBUG_INFO = YES;
				ONLY_ACTIVE_ARCH = YES;
				SDKROOT = iphoneos;
			};
			name = Debug;
		};
		714DE5791C994851004DA887 /* Release */ = {
			isa = XCBuildConfiguration;
			buildSettings = {
				ALWAYS_SEARCH_USER_PATHS = NO;
				CLANG_CXX_LANGUAGE_STANDARD = "gnu++0x";
				CLANG_CXX_LIBRARY = "libc++";
				CLANG_ENABLE_MODULES = YES;
				CLANG_ENABLE_OBJC_ARC = YES;
				CLANG_WARN_BOOL_CONVERSION = YES;
				CLANG_WARN_CONSTANT_CONVERSION = YES;
				CLANG_WARN_DIRECT_OBJC_ISA_USAGE = YES_ERROR;
				CLANG_WARN_EMPTY_BODY = YES;
				CLANG_WARN_ENUM_CONVERSION = YES;
				CLANG_WARN_INT_CONVERSION = YES;
				CLANG_WARN_OBJC_ROOT_CLASS = YES_ERROR;
				CLANG_WARN_UNREACHABLE_CODE = YES;
				CLANG_WARN__DUPLICATE_METHOD_MATCH = YES;
				"CODE_SIGN_IDENTITY[sdk=iphoneos*]" = "iPhone Developer";
				COPY_PHASE_STRIP = NO;
				DEBUG_INFORMATION_FORMAT = "dwarf-with-dsym";
				ENABLE_NS_ASSERTIONS = NO;
				ENABLE_STRICT_OBJC_MSGSEND = YES;
				GCC_C_LANGUAGE_STANDARD = gnu99;
				GCC_NO_COMMON_BLOCKS = YES;
				GCC_WARN_64_TO_32_BIT_CONVERSION = YES;
				GCC_WARN_ABOUT_RETURN_TYPE = YES_ERROR;
				GCC_WARN_UNDECLARED_SELECTOR = YES;
				GCC_WARN_UNINITIALIZED_AUTOS = YES_AGGRESSIVE;
				GCC_WARN_UNUSED_FUNCTION = YES;
				GCC_WARN_UNUSED_VARIABLE = YES;
				IPHONEOS_DEPLOYMENT_TARGET = 9.2;
				MTL_ENABLE_DEBUG_INFO = NO;
				SDKROOT = iphoneos;
				VALIDATE_PRODUCT = YES;
			};
			name = Release;
		};
		714DE57B1C994851004DA887 /* Debug */ = {
			isa = XCBuildConfiguration;
			buildSettings = {
				ASSETCATALOG_COMPILER_APPICON_NAME = AppIcon;
				FRAMEWORK_SEARCH_PATHS = (
					"$(inherited)",
					"$(PROJECT_DIR)/testProject/Framework",
				);
				INFOPLIST_FILE = testProject/Info.plist;
				IPHONEOS_DEPLOYMENT_TARGET = 9.1;
				LD_RUNPATH_SEARCH_PATHS = "$(inherited) @executable_path/Frameworks";
				PRODUCT_BUNDLE_IDENTIFIER = XtremeApp.com.testProject;
				PRODUCT_NAME = "$(TARGET_NAME)";
			};
			name = Debug;
		};
		714DE57C1C994851004DA887 /* Release */ = {
			isa = XCBuildConfiguration;
			buildSettings = {
				ASSETCATALOG_COMPILER_APPICON_NAME = AppIcon;
				FRAMEWORK_SEARCH_PATHS = (
					"$(inherited)",
					"$(PROJECT_DIR)/testProject/Framework",
				);
				INFOPLIST_FILE = testProject/Info.plist;
				IPHONEOS_DEPLOYMENT_TARGET = 9.1;
				LD_RUNPATH_SEARCH_PATHS = "$(inherited) @executable_path/Frameworks";
				PRODUCT_BUNDLE_IDENTIFIER = XtremeApp.com.testProject;
				PRODUCT_NAME = "$(TARGET_NAME)";
			};
			name = Release;
		};
		714DE57E1C994851004DA887 /* Debug */ = {
			isa = XCBuildConfiguration;
			buildSettings = {
				BUNDLE_LOADER = "$(TEST_HOST)";
				INFOPLIST_FILE = testProjectTests/Info.plist;
				LD_RUNPATH_SEARCH_PATHS = "$(inherited) @executable_path/Frameworks @loader_path/Frameworks";
				PRODUCT_BUNDLE_IDENTIFIER = XtremeApp.com.testProjectTests;
				PRODUCT_NAME = "$(TARGET_NAME)";
				TEST_HOST = "$(BUILT_PRODUCTS_DIR)/testProject.app/testProject";
			};
			name = Debug;
		};
		714DE57F1C994851004DA887 /* Release */ = {
			isa = XCBuildConfiguration;
			buildSettings = {
				BUNDLE_LOADER = "$(TEST_HOST)";
				INFOPLIST_FILE = testProjectTests/Info.plist;
				LD_RUNPATH_SEARCH_PATHS = "$(inherited) @executable_path/Frameworks @loader_path/Frameworks";
				PRODUCT_BUNDLE_IDENTIFIER = XtremeApp.com.testProjectTests;
				PRODUCT_NAME = "$(TARGET_NAME)";
				TEST_HOST = "$(BUILT_PRODUCTS_DIR)/testProject.app/testProject";
			};
			name = Release;
		};
		714DE5811C994851004DA887 /* Debug */ = {
			isa = XCBuildConfiguration;
			buildSettings = {
				INFOPLIST_FILE = testProjectUITests/Info.plist;
				LD_RUNPATH_SEARCH_PATHS = "$(inherited) @executable_path/Frameworks @loader_path/Frameworks";
				PRODUCT_BUNDLE_IDENTIFIER = XtremeApp.com.testProjectUITests;
				PRODUCT_NAME = "$(TARGET_NAME)";
				TEST_TARGET_NAME = testProject;
				USES_XCTRUNNER = YES;
			};
			name = Debug;
		};
		714DE5821C994851004DA887 /* Release */ = {
			isa = XCBuildConfiguration;
			buildSettings = {
				INFOPLIST_FILE = testProjectUITests/Info.plist;
				LD_RUNPATH_SEARCH_PATHS = "$(inherited) @executable_path/Frameworks @loader_path/Frameworks";
				PRODUCT_BUNDLE_IDENTIFIER = XtremeApp.com.testProjectUITests;
				PRODUCT_NAME = "$(TARGET_NAME)";
				TEST_TARGET_NAME = testProject;
				USES_XCTRUNNER = YES;
			};
			name = Release;
		};
/* End XCBuildConfiguration section */

/* Begin XCConfigurationList section */
		714DE5481C994850004DA887 /* Build configuration list for PBXProject "testProject" */ = {
			isa = XCConfigurationList;
			buildConfigurations = (
				714DE5781C994851004DA887 /* Debug */,
				714DE5791C994851004DA887 /* Release */,
			);
			defaultConfigurationIsVisible = 0;
			defaultConfigurationName = Release;
		};
		714DE57A1C994851004DA887 /* Build configuration list for PBXNativeTarget "testProject" */ = {
			isa = XCConfigurationList;
			buildConfigurations = (
				714DE57B1C994851004DA887 /* Debug */,
				714DE57C1C994851004DA887 /* Release */,
			);
			defaultConfigurationIsVisible = 0;
			defaultConfigurationName = Release;
		};
		714DE57D1C994851004DA887 /* Build configuration list for PBXNativeTarget "testProjectTests" */ = {
			isa = XCConfigurationList;
			buildConfigurations = (
				714DE57E1C994851004DA887 /* Debug */,
				714DE57F1C994851004DA887 /* Release */,
			);
			defaultConfigurationIsVisible = 0;
			defaultConfigurationName = Release;
		};
		714DE5801C994851004DA887 /* Build configuration list for PBXNativeTarget "testProjectUITests" */ = {
			isa = XCConfigurationList;
			buildConfigurations = (
				714DE5811C994851004DA887 /* Debug */,
				714DE5821C994851004DA887 /* Release */,
			);
			defaultConfigurationIsVisible = 0;
			defaultConfigurationName = Release;
		};
/* End XCConfigurationList section */
	};
	rootObject = 714DE5451C994850004DA887 /* Project object */;
}
